{
  "version": 4,
  "terraform_version": "0.14.10",
  "serial": 12,
  "lineage": "14b36626-c187-47a1-cfc3-f94b723d9ebe",
  "outputs": {},
  "resources": [
    {
      "mode": "managed",
      "type": "google_container_cluster",
      "name": "primary",
      "provider": "provider[\"registry.terraform.io/hashicorp/google\"]",
      "instances": [
        {
          "schema_version": 1,
          "attributes": {
            "addons_config": [
              {
                "cloudrun_config": [],
                "horizontal_pod_autoscaling": [],
                "http_load_balancing": [],
                "network_policy_config": [
                  {
                    "disabled": true
                  }
                ]
              }
            ],
            "authenticator_groups_config": [],
            "cluster_autoscaling": [
              {
                "auto_provisioning_defaults": [],
                "enabled": false,
                "resource_limits": []
              }
            ],
            "cluster_ipv4_cidr": "10.0.0.0/14",
            "database_encryption": [
              {
                "key_name": "",
                "state": "DECRYPTED"
              }
            ],
            "datapath_provider": "",
            "default_max_pods_per_node": null,
            "default_snat_status": [
              {
                "disabled": false
              }
            ],
            "description": "",
            "enable_autopilot": false,
            "enable_binary_authorization": false,
            "enable_intranode_visibility": false,
            "enable_kubernetes_alpha": false,
            "enable_legacy_abac": false,
            "enable_shielded_nodes": true,
            "enable_tpu": false,
            "endpoint": "34.83.161.233",
            "id": "projects/vault-lab-309821/locations/us-west1/clusters/hello-world-cluster",
            "initial_node_count": 1,
            "instance_group_urls": [],
            "ip_allocation_policy": [],
            "label_fingerprint": "a9dc16a7",
            "location": "us-west1",
            "logging_service": "logging.googleapis.com/kubernetes",
            "maintenance_policy": [],
            "master_auth": [
              {
                "client_certificate": "",
                "client_certificate_config": [
                  {
                    "issue_client_certificate": false
                  }
                ],
                "client_key": "",
                "cluster_ca_certificate": "LS0tLS1CRUdJTiBDRVJUSUZJQ0FURS0tLS0tCk1JSURLakNDQWhLZ0F3SUJBZ0lRUTY0Ui94dGZzQ3FCNnVKN1FocXlOREFOQmdrcWhraUc5dzBCQVFzRkFEQXYKTVMwd0t3WURWUVFERXlRek9URXpaalpsWWkwNE56VXdMVFJsTWpJdFlUTXdOeTAwTXpZM1kyRTFOREUzTW1RdwpIaGNOTWpFd05ERTBNak14TlRReFdoY05Nall3TkRFME1EQXhOVFF4V2pBdk1TMHdLd1lEVlFRREV5UXpPVEV6ClpqWmxZaTA0TnpVd0xUUmxNakl0WVRNd055MDBNelkzWTJFMU5ERTNNbVF3Z2dFaU1BMEdDU3FHU0liM0RRRUIKQVFVQUE0SUJEd0F3Z2dFS0FvSUJBUUNlWXVvNmN5WVBadEVFQXp1c3pZMWI2UUt1czRCR2daLzB4OTlQNHNpQgpFQ2I4RzRLQ2dyVHNnV0VWOVZscTRGNnM1U1hDcmZMRXZJd0NjT2lHTG9rMlQwMXA2Q0VUVmpvL1dZYktqRDZFCktiRmlIUlFQNFRMVU5lWGY0WHFTazUzZUFWOTBBcW1BTTNjRC9rR3psaGRtSWdxeVBpSGpPNjhvRVRIMzFnSzUKUXhzck1wWGxhWDRHaFJJUGFpQ2lIOTJFSGlMUWY1dVhPZFd2djdQLy9vdkRaYWllUHV0dWpaYUNRL3RHdi82bQpkVkhOdTJ0cmF2TU1jaHNuZ3BNQS9JWXdqUm8rZTVtSnlrYVpWbXN0WmJqamRDWmhMZ1plY2h4eUhLYm1EUm82Ck03RW5VNmErOFA1Qy9KSzQ3ZVBPRVQzc1ZSV1U1cjVIVEtadVBUTTFvb3BmQWdNQkFBR2pRakJBTUE0R0ExVWQKRHdFQi93UUVBd0lDQkRBUEJnTlZIUk1CQWY4RUJUQURBUUgvTUIwR0ExVWREZ1FXQkJRU08rdzRsZ1BFanRvaApzMXRzalM2ZmMzNHk5ekFOQmdrcWhraUc5dzBCQVFzRkFBT0NBUUVBalliSThHZEhHdHM1eTlDMUNvVi84L2lUClRjbVl1TUkxdXVGTkh0L2ZOZUx2ZGUwQ3A2OG1BYUVpdkVDYk9wZTZKeDJSbnhaRm9UclZhcDRwYlJkQjl2T2sKWWhhTENoNkZLbGEvVjJhN3ZrZVNVMEplR3FvV2QyT3JuczV3U0Q5VkQzd1ZTc1hvOEFDUm83SlIvc2luUzVCZgpLY0EyY3NVTE1JdzkycnIwOUg3dVZObzhicEtScWRxTlQyNXB4cTFHdzhOcStFZlRtVU5NVnc5S2V3ekJ2TTBMCmxiOS9jNWpieitBRXJxM2Foa25CNEs5emdsbGVqNVNiQUQ1ZkRKZVZ6aDNlWlZyYmhidzBrdExlamlEVXVqTjUKTnoxSElUZmhETmdETEd2RnQ3U3RFdFdtNmdCSVpuN0xNL3NZZkp5WXUyaEVpQkZzMS9HaVZtOHM4L2lnV0E9PQotLS0tLUVORCBDRVJUSUZJQ0FURS0tLS0tCg==",
                "password": "",
                "username": ""
              }
            ],
            "master_authorized_networks_config": [],
            "master_version": "1.18.16-gke.502",
            "min_master_version": null,
            "monitoring_service": "monitoring.googleapis.com/kubernetes",
            "name": "hello-world-cluster",
            "network": "projects/vault-lab-309821/global/networks/default",
            "network_policy": [
              {
                "enabled": false,
                "provider": "PROVIDER_UNSPECIFIED"
              }
            ],
            "networking_mode": "ROUTES",
            "node_config": [],
            "node_locations": [
              "us-west1-a",
              "us-west1-b",
              "us-west1-c"
            ],
            "node_pool": [],
            "node_version": "1.18.16-gke.502",
            "operation": null,
            "pod_security_policy_config": [],
            "private_cluster_config": [],
            "private_ipv6_google_access": "",
            "project": "vault-lab-309821",
            "release_channel": [
              {
                "channel": "REGULAR"
              }
            ],
            "remove_default_node_pool": true,
            "resource_labels": null,
            "resource_usage_export_config": [],
            "self_link": "https://container.googleapis.com/v1beta1/projects/vault-lab-309821/locations/us-west1/clusters/hello-world-cluster",
            "services_ipv4_cidr": "10.3.240.0/20",
            "subnetwork": "projects/vault-lab-309821/regions/us-west1/subnetworks/default",
            "timeouts": null,
            "tpu_ipv4_cidr_block": "",
            "vertical_pod_autoscaling": [],
            "workload_identity_config": []
          },
          "sensitive_attributes": [],
          "private": "eyJlMmJmYjczMC1lY2FhLTExZTYtOGY4OC0zNDM2M2JjN2M0YzAiOnsiY3JlYXRlIjoyNDAwMDAwMDAwMDAwLCJkZWxldGUiOjI0MDAwMDAwMDAwMDAsInJlYWQiOjI0MDAwMDAwMDAwMDAsInVwZGF0ZSI6MzYwMDAwMDAwMDAwMH0sInNjaGVtYV92ZXJzaW9uIjoiMSJ9"
        }
      ]
    },
    {
      "mode": "managed",
      "type": "google_container_node_pool",
      "name": "primary_preemptible_nodes",
      "provider": "provider[\"registry.terraform.io/hashicorp/google\"]",
      "instances": [
        {
          "schema_version": 1,
          "attributes": {
            "autoscaling": [],
            "cluster": "hello-world-cluster",
            "id": "projects/vault-lab-309821/locations/us-west1/clusters/hello-world-cluster/nodePools/my-node-pool",
            "initial_node_count": 1,
            "instance_group_urls": [
              "https://www.googleapis.com/compute/v1/projects/vault-lab-309821/zones/us-west1-c/instanceGroupManagers/gke-hello-world-cluster-my-node-pool-451cb248-grp",
              "https://www.googleapis.com/compute/v1/projects/vault-lab-309821/zones/us-west1-a/instanceGroupManagers/gke-hello-world-cluster-my-node-pool-f91fa3ee-grp",
              "https://www.googleapis.com/compute/v1/projects/vault-lab-309821/zones/us-west1-b/instanceGroupManagers/gke-hello-world-cluster-my-node-pool-85502240-grp"
            ],
            "location": "us-west1",
            "management": [
              {
                "auto_repair": true,
                "auto_upgrade": true
              }
            ],
            "max_pods_per_node": null,
            "name": "my-node-pool",
            "name_prefix": "",
            "node_config": [
              {
                "disk_size_gb": 100,
                "disk_type": "pd-standard",
                "guest_accelerator": [],
                "image_type": "COS",
                "labels": {},
                "local_ssd_count": 0,
                "machine_type": "e2-small",
                "metadata": {
                  "disable-legacy-endpoints": "true"
                },
                "min_cpu_platform": "",
                "oauth_scopes": [
                  "https://www.googleapis.com/auth/cloud-platform"
                ],
                "preemptible": true,
                "service_account": "k8s-service-account@vault-lab-309821.iam.gserviceaccount.com",
                "shielded_instance_config": [
                  {
                    "enable_integrity_monitoring": true,
                    "enable_secure_boot": true
                  }
                ],
                "tags": null,
                "taint": [],
                "workload_metadata_config": []
              }
            ],
            "node_count": 1,
            "node_locations": [
              "us-west1-a",
              "us-west1-b",
              "us-west1-c"
            ],
            "operation": null,
            "project": "vault-lab-309821",
            "timeouts": null,
            "upgrade_settings": [
              {
                "max_surge": 1,
                "max_unavailable": 0
              }
            ],
            "version": "1.18.16-gke.502"
          },
          "sensitive_attributes": [],
          "private": "eyJlMmJmYjczMC1lY2FhLTExZTYtOGY4OC0zNDM2M2JjN2M0YzAiOnsiY3JlYXRlIjoxODAwMDAwMDAwMDAwLCJkZWxldGUiOjE4MDAwMDAwMDAwMDAsInVwZGF0ZSI6MTgwMDAwMDAwMDAwMH0sInNjaGVtYV92ZXJzaW9uIjoiMSJ9",
          "dependencies": [
            "google_container_cluster.primary",
            "google_service_account.default"
          ]
        }
      ]
    },
    {
      "mode": "managed",
      "type": "google_service_account",
      "name": "default",
      "provider": "provider[\"registry.terraform.io/hashicorp/google\"]",
      "instances": [
        {
          "schema_version": 0,
          "attributes": {
            "account_id": "k8s-service-account",
            "description": "",
            "display_name": "k8s-service-account",
            "email": "k8s-service-account@vault-lab-309821.iam.gserviceaccount.com",
            "id": "projects/vault-lab-309821/serviceAccounts/k8s-service-account@vault-lab-309821.iam.gserviceaccount.com",
            "name": "projects/vault-lab-309821/serviceAccounts/k8s-service-account@vault-lab-309821.iam.gserviceaccount.com",
            "project": "vault-lab-309821",
            "timeouts": null,
            "unique_id": "108160962781994663370"
          },
          "sensitive_attributes": [],
          "private": "eyJlMmJmYjczMC1lY2FhLTExZTYtOGY4OC0zNDM2M2JjN2M0YzAiOnsiY3JlYXRlIjozMDAwMDAwMDAwMDB9fQ=="
        }
      ]
    }
  ]
}
